
Microsoft Visual Studio Solution File, Format Version 12.00
# Visual Studio Version 17
VisualStudioVersion = 17.2.32602.215
MinimumVisualStudioVersion = 10.0.40219.1
Project("{FAE04EC0-301F-11D3-BF4B-00C04F79EFBC}") = "LMS_1", "LMS_1\LMS_1.csproj", "{C7A88A81-4F10-46A2-8882-554472752CBE}"
EndProject
Global
	GlobalSection(SolutionConfigurationPlatforms) = preSolution
		Debug|Any CPU = Debug|Any CPU
		Release|Any CPU = Release|Any CPU
	EndGlobalSection
	GlobalSection(ProjectConfigurationPlatforms) = postSolution
		{C7A88A81-4F10-46A2-8882-554472752CBE}.Debug|Any CPU.ActiveCfg = Debug|Any CPU
		{C7A88A81-4F10-46A2-8882-554472752CBE}.Debug|Any CPU.Build.0 = Debug|Any CPU
		{C7A88A81-4F10-46A2-8882-554472752CBE}.Release|Any CPU.ActiveCfg = Release|Any CPU
		{C7A88A81-4F10-46A2-8882-554472752CBE}.Release|Any CPU.Build.0 = Release|Any CPU
	EndGlobalSection
	GlobalSection(SolutionProperties) = preSolution
		HideSolutionNode = FALSE
	EndGlobalSection
	GlobalSection(ExtensibilityGlobals) = postSolution
		SolutionGuid = {7E808D33-37D1-4FB6-A874-748EB9CA710A}
	EndGlobalSection
EndGlobal
